// !$*UTF8*$!
{
	archiveVersion = 1;
	classes = {
	};
	objectVersion = 50;
	objects = {

/* Begin PBXBuildFile section */
		C7706F8B248F8EFF00795651 /* AppDelegate.swift in Sources */ = {isa = PBXBuildFile; fileRef = C7706F8A248F8EFF00795651 /* AppDelegate.swift */; };
		C7706F8D248F8EFF00795651 /* SceneDelegate.swift in Sources */ = {isa = PBXBuildFile; fileRef = C7706F8C248F8EFF00795651 /* SceneDelegate.swift */; };
		C7706F8F248F8EFF00795651 /* ViewController.swift in Sources */ = {isa = PBXBuildFile; fileRef = C7706F8E248F8EFF00795651 /* ViewController.swift */; };
		C7706F92248F8EFF00795651 /* Main.storyboard in Resources */ = {isa = PBXBuildFile; fileRef = C7706F90248F8EFF00795651 /* Main.storyboard */; };
		C7706F95248F8EFF00795651 /* SelectCar_Code.xcdatamodeld in Sources */ = {isa = PBXBuildFile; fileRef = C7706F93248F8EFF00795651 /* SelectCar_Code.xcdatamodeld */; };
		C7706F97248F8F0000795651 /* Assets.xcassets in Resources */ = {isa = PBXBuildFile; fileRef = C7706F96248F8F0000795651 /* Assets.xcassets */; };
		C7706F9A248F8F0000795651 /* LaunchScreen.storyboard in Resources */ = {isa = PBXBuildFile; fileRef = C7706F98248F8F0000795651 /* LaunchScreen.storyboard */; };
		C7706FAA248F916900795651 /* lamborghini-veneno.jpg in Resources */ = {isa = PBXBuildFile; fileRef = C7706FA2248F916800795651 /* lamborghini-veneno.jpg */; };
		C7706FAB248F916900795651 /* tesla-model-x.jpg in Resources */ = {isa = PBXBuildFile; fileRef = C7706FA3248F916900795651 /* tesla-model-x.jpg */; };
		C7706FAC248F916900795651 /* porsche-boxter.jpg in Resources */ = {isa = PBXBuildFile; fileRef = C7706FA4248F916900795651 /* porsche-boxter.jpg */; };
		C7706FAD248F916900795651 /* lamborghini-aventador.jpg in Resources */ = {isa = PBXBuildFile; fileRef = C7706FA5248F916900795651 /* lamborghini-aventador.jpg */; };
		C7706FAE248F916900795651 /* lamborghini-huracan.jpg in Resources */ = {isa = PBXBuildFile; fileRef = C7706FA6248F916900795651 /* lamborghini-huracan.jpg */; };
		C7706FAF248F916900795651 /* porsche-911.jpg in Resources */ = {isa = PBXBuildFile; fileRef = C7706FA7248F916900795651 /* porsche-911.jpg */; };
		C7706FB0248F916900795651 /* tesla-model-s.jpg in Resources */ = {isa = PBXBuildFile; fileRef = C7706FA8248F916900795651 /* tesla-model-s.jpg */; };
		C7706FB1248F916900795651 /* background.jpeg in Resources */ = {isa = PBXBuildFile; fileRef = C7706FA9248F916900795651 /* background.jpeg */; };
/* End PBXBuildFile section */

/* Begin PBXFileReference section */
		C7706F87248F8EFF00795651 /* SelectCar_Code.app */ = {isa = PBXFileReference; explicitFileType = wrapper.application; includeInIndex = 0; path = SelectCar_Code.app; sourceTree = BUILT_PRODUCTS_DIR; };
		C7706F8A248F8EFF00795651 /* AppDelegate.swift */ = {isa = PBXFileReference; lastKnownFileType = sourcecode.swift; path = AppDelegate.swift; sourceTree = "<group>"; };
		C7706F8C248F8EFF00795651 /* SceneDelegate.swift */ = {isa = PBXFileReference; lastKnownFileType = sourcecode.swift; path = SceneDelegate.swift; sourceTree = "<group>"; };
		C7706F8E248F8EFF00795651 /* ViewController.swift */ = {isa = PBXFileReference; lastKnownFileType = sourcecode.swift; path = ViewController.swift; sourceTree = "<group>"; };
		C7706F91248F8EFF00795651 /* Base */ = {isa = PBXFileReference; lastKnownFileType = file.storyboard; name = Base; path = Base.lproj/Main.storyboard; sourceTree = "<group>"; };
		C7706F94248F8EFF00795651 /* SelectCar_Code.xcdatamodel */ = {isa = PBXFileReference; lastKnownFileType = wrapper.xcdatamodel; path = SelectCar_Code.xcdatamodel; sourceTree = "<group>"; };
		C7706F96248F8F0000795651 /* Assets.xcassets */ = {isa = PBXFileReference; lastKnownFileType = folder.assetcatalog; path = Assets.xcassets; sourceTree = "<group>"; };
		C7706F99248F8F0000795651 /* Base */ = {isa = PBXFileReference; lastKnownFileType = file.storyboard; name = Base; path = Base.lproj/LaunchScreen.storyboard; sourceTree = "<group>"; };
		C7706F9B248F8F0000795651 /* Info.plist */ = {isa = PBXFileReference; lastKnownFileType = text.plist.xml; path = Info.plist; sourceTree = "<group>"; };
		C7706FA2248F916800795651 /* lamborghini-veneno.jpg */ = {isa = PBXFileReference; lastKnownFileType = image.jpeg; path = "lamborghini-veneno.jpg"; sourceTree = "<group>"; };
		C7706FA3248F916900795651 /* tesla-model-x.jpg */ = {isa = PBXFileReference; lastKnownFileType = image.jpeg; path = "tesla-model-x.jpg"; sourceTree = "<group>"; };
		C7706FA4248F916900795651 /* porsche-boxter.jpg */ = {isa = PBXFileReference; lastKnownFileType = image.jpeg; path = "porsche-boxter.jpg"; sourceTree = "<group>"; };
		C7706FA5248F916900795651 /* lamborghini-aventador.jpg */ = {isa = PBXFileReference; lastKnownFileType = image.jpeg; path = "lamborghini-aventador.jpg"; sourceTree = "<group>"; };
		C7706FA6248F916900795651 /* lamborghini-huracan.jpg */ = {isa = PBXFileReference; lastKnownFileType = image.jpeg; path = "lamborghini-huracan.jpg"; sourceTree = "<group>"; };
		C7706FA7248F916900795651 /* porsche-911.jpg */ = {isa = PBXFileReference; lastKnownFileType = image.jpeg; path = "porsche-911.jpg"; sourceTree = "<group>"; };
		C7706FA8248F916900795651 /* tesla-model-s.jpg */ = {isa = PBXFileReference; lastKnownFileType = image.jpeg; path = "tesla-model-s.jpg"; sourceTree = "<group>"; };
		C7706FA9248F916900795651 /* background.jpeg */ = {isa = PBXFileReference; lastKnownFileType = image.jpeg; path = background.jpeg; sourceTree = "<group>"; };
/* End PBXFileReference section */

/* Begin PBXFrameworksBuildPhase section */
		C7706F84248F8EFF00795651 /* Frameworks */ = {
			isa = PBXFrameworksBuildPhase;
			buildActionMask = 2147483647;
			files = (
			);
			runOnlyForDeploymentPostprocessing = 0;
		};
/* End PBXFrameworksBuildPhase section */

/* Begin PBXGroup section */
		C7706F7E248F8EFF00795651 = {
			isa = PBXGroup;
			children = (
				C7706F89248F8EFF00795651 /* SelectCar_Code */,
				C7706F88248F8EFF00795651 /* Products */,
			);
			sourceTree = "<group>";
		};
		C7706F88248F8EFF00795651 /* Products */ = {
			isa = PBXGroup;
			children = (
				C7706F87248F8EFF00795651 /* SelectCar_Code.app */,
			);
			name = Products;
			sourceTree = "<group>";
		};
		C7706F89248F8EFF00795651 /* SelectCar_Code */ = {
			isa = PBXGroup;
			children = (
				C7706FA1248F915E00795651 /* resource */,
				C7706F8A248F8EFF00795651 /* AppDelegate.swift */,
				C7706F8C248F8EFF00795651 /* SceneDelegate.swift */,
				C7706F8E248F8EFF00795651 /* ViewController.swift */,
				C7706F90248F8EFF00795651 /* Main.storyboard */,
				C7706F96248F8F0000795651 /* Assets.xcassets */,
				C7706F98248F8F0000795651 /* LaunchScreen.storyboard */,
				C7706F9B248F8F0000795651 /* Info.plist */,
				C7706F93248F8EFF00795651 /* SelectCar_Code.xcdatamodeld */,
			);
			path = SelectCar_Code;
			sourceTree = "<group>";
		};
		C7706FA1248F915E00795651 /* resource */ = {
			isa = PBXGroup;
			children = (
				C7706FA9248F916900795651 /* background.jpeg */,
				C7706FA5248F916900795651 /* lamborghini-aventador.jpg */,
				C7706FA6248F916900795651 /* lamborghini-huracan.jpg */,
				C7706FA2248F916800795651 /* lamborghini-veneno.jpg */,
				C7706FA7248F916900795651 /* porsche-911.jpg */,
				C7706FA4248F916900795651 /* porsche-boxter.jpg */,
				C7706FA8248F916900795651 /* tesla-model-s.jpg */,
				C7706FA3248F916900795651 /* tesla-model-x.jpg */,
			);
			path = resource;
			sourceTree = "<group>";
		};
/* End PBXGroup section */

/* Begin PBXNativeTarget section */
		C7706F86248F8EFF00795651 /* SelectCar_Code */ = {
			isa = PBXNativeTarget;
			buildConfigurationList = C7706F9E248F8F0000795651 /* Build configuration list for PBXNativeTarget "SelectCar_Code" */;
			buildPhases = (
				C7706F83248F8EFF00795651 /* Sources */,
				C7706F84248F8EFF00795651 /* Frameworks */,
				C7706F85248F8EFF00795651 /* Resources */,
			);
			buildRules = (
			);
			dependencies = (
			);
			name = SelectCar_Code;
			productName = SelectCar_Code;
			productReference = C7706F87248F8EFF00795651 /* SelectCar_Code.app */;
			productType = "com.apple.product-type.application";
		};
/* End PBXNativeTarget section */

/* Begin PBXProject section */
		C7706F7F248F8EFF00795651 /* Project object */ = {
			isa = PBXProject;
			attributes = {
				LastSwiftUpdateCheck = 1150;
				LastUpgradeCheck = 1150;
				ORGANIZATIONNAME = "김광수";
				TargetAttributes = {
					C7706F86248F8EFF00795651 = {
						CreatedOnToolsVersion = 11.5;
					};
				};
			};
			buildConfigurationList = C7706F82248F8EFF00795651 /* Build configuration list for PBXProject "SelectCar_Code" */;
			compatibilityVersion = "Xcode 9.3";
			developmentRegion = en;
			hasScannedForEncodings = 0;
			knownRegions = (
				en,
				Base,
			);
			mainGroup = C7706F7E248F8EFF00795651;
			productRefGroup = C7706F88248F8EFF00795651 /* Products */;
			projectDirPath = "";
			projectRoot = "";
			targets = (
				C7706F86248F8EFF00795651 /* SelectCar_Code */,
			);
		};
/* End PBXProject section */

/* Begin PBXResourcesBuildPhase section */
		C7706F85248F8EFF00795651 /* Resources */ = {
			isa = PBXResourcesBuildPhase;
			buildActionMask = 2147483647;
			files = (
				C7706F9A248F8F0000795651 /* LaunchScreen.storyboard in Resources */,
				C7706FB1248F916900795651 /* background.jpeg in Resources */,
				C7706FB0248F916900795651 /* tesla-model-s.jpg in Resources */,
				C7706FAF248F916900795651 /* porsche-911.jpg in Resources */,
				C7706FAE248F916900795651 /* lamborghini-huracan.jpg in Resources */,
				C7706FAB248F916900795651 /* tesla-model-x.jpg in Resources */,
				C7706FAC248F916900795651 /* porsche-boxter.jpg in Resources */,
				C7706FAA248F916900795651 /* lamborghini-veneno.jpg in Resources */,
				C7706F97248F8F0000795651 /* Assets.xcassets in Resources */,
				C7706F92248F8EFF00795651 /* Main.storyboard in Resources */,
				C7706FAD248F916900795651 /* lamborghini-aventador.jpg in Resources */,
			);
			runOnlyForDeploymentPostprocessing = 0;
		};
/* End PBXResourcesBuildPhase section */

/* Begin PBXSourcesBuildPhase section */
		C7706F83248F8EFF00795651 /* Sources */ = {
			isa = PBXSourcesBuildPhase;
			buildActionMask = 2147483647;
			files = (
				C7706F8F248F8EFF00795651 /* ViewController.swift in Sources */,
				C7706F8B248F8EFF00795651 /* AppDelegate.swift in Sources */,
				C7706F8D248F8EFF00795651 /* SceneDelegate.swift in Sources */,
				C7706F95248F8EFF00795651 /* SelectCar_Code.xcdatamodeld in Sources */,
			);
			runOnlyForDeploymentPostprocessing = 0;
		};
/* End PBXSourcesBuildPhase section */

/* Begin PBXVariantGroup section */
		C7706F90248F8EFF00795651 /* Main.storyboard */ = {
			isa = PBXVariantGroup;
			children = (
				C7706F91248F8EFF00795651 /* Base */,
			);
			name = Main.storyboard;
			sourceTree = "<group>";
		};
		C7706F98248F8F0000795651 /* LaunchScreen.storyboard */ = {
			isa = PBXVariantGroup;
			children = (
				C7706F99248F8F0000795651 /* Base */,
			);
			name = LaunchScreen.storyboard;
			sourceTree = "<group>";
		};
/* End PBXVariantGroup section */

/* Begin XCBuildConfiguration section */
		C7706F9C248F8F0000795651 /* Debug */ = {
			isa = XCBuildConfiguration;
			buildSettings = {
				ALWAYS_SEARCH_USER_PATHS = NO;
				CLANG_ANALYZER_NONNULL = YES;
				CLANG_ANALYZER_NUMBER_OBJECT_CONVERSION = YES_AGGRESSIVE;
				CLANG_CXX_LANGUAGE_STANDARD = "gnu++14";
				CLANG_CXX_LIBRARY = "libc++";
				CLANG_ENABLE_MODULES = YES;
				CLANG_ENABLE_OBJC_ARC = YES;
				CLANG_ENABLE_OBJC_WEAK = YES;
				CLANG_WARN_BLOCK_CAPTURE_AUTORELEASING = YES;
				CLANG_WARN_BOOL_CONVERSION = YES;
				CLANG_WARN_COMMA = YES;
				CLANG_WARN_CONSTANT_CONVERSION = YES;
				CLANG_WARN_DEPRECATED_OBJC_IMPLEMENTATIONS = YES;
				CLANG_WARN_DIRECT_OBJC_ISA_USAGE = YES_ERROR;
				CLANG_WARN_DOCUMENTATION_COMMENTS = YES;
				CLANG_WARN_EMPTY_BODY = YES;
				CLANG_WARN_ENUM_CONVERSION = YES;
				CLANG_WARN_INFINITE_RECURSION = YES;
				CLANG_WARN_INT_CONVERSION = YES;
				CLANG_WARN_NON_LITERAL_NULL_CONVERSION = YES;
				CLANG_WARN_OBJC_IMPLICIT_RETAIN_SELF = YES;
				CLANG_WARN_OBJC_LITERAL_CONVERSION = YES;
				CLANG_WARN_OBJC_ROOT_CLASS = YES_ERROR;
				CLANG_WARN_RANGE_LOOP_ANALYSIS = YES;
				CLANG_WARN_STRICT_PROTOTYPES = YES;
				CLANG_WARN_SUSPICIOUS_MOVE = YES;
				CLANG_WARN_UNGUARDED_AVAILABILITY = YES_AGGRESSIVE;
				CLANG_WARN_UNREACHABLE_CODE = YES;
				CLANG_WARN__DUPLICATE_METHOD_MATCH = YES;
				COPY_PHASE_STRIP = NO;
				DEBUG_INFORMATION_FORMAT = dwarf;
				ENABLE_STRICT_OBJC_MSGSEND = YES;
				ENABLE_TESTABILITY = YES;
				GCC_C_LANGUAGE_STANDARD = gnu11;
				GCC_DYNAMIC_NO_PIC = NO;
				GCC_NO_COMMON_BLOCKS = YES;
				GCC_OPTIMIZATION_LEVEL = 0;
				GCC_PREPROCESSOR_DEFINITIONS = (
					"DEBUG=1",
					"$(inherited)",
				);
				GCC_WARN_64_TO_32_BIT_CONVERSION = YES;
				GCC_WARN_ABOUT_RETURN_TYPE = YES_ERROR;
				GCC_WARN_UNDECLARED_SELECTOR = YES;
				GCC_WARN_UNINITIALIZED_AUTOS = YES_AGGRESSIVE;
				GCC_WARN_UNUSED_FUNCTION = YES;
				GCC_WARN_UNUSED_VARIABLE = YES;
				IPHONEOS_DEPLOYMENT_TARGET = 13.5;
				MTL_ENABLE_DEBUG_INFO = INCLUDE_SOURCE;
				MTL_FAST_MATH = YES;
				ONLY_ACTIVE_ARCH = YES;
				SDKROOT = iphoneos;
				SWIFT_ACTIVE_COMPILATION_CONDITIONS = DEBUG;
				SWIFT_OPTIMIZATION_LEVEL = "-Onone";
			};
			name = Debug;
		};
		C7706F9D248F8F0000795651 /* Release */ = {
			isa = XCBuildConfiguration;
			buildSettings = {
				ALWAYS_SEARCH_USER_PATHS = NO;
				CLANG_ANALYZER_NONNULL = YES;
				CLANG_ANALYZER_NUMBER_OBJECT_CONVERSION = YES_AGGRESSIVE;
				CLANG_CXX_LANGUAGE_STANDARD = "gnu++14";
				CLANG_CXX_LIBRARY = "libc++";
				CLANG_ENABLE_MODULES = YES;
				CLANG_ENABLE_OBJC_ARC = YES;
				CLANG_ENABLE_OBJC_WEAK = YES;
				CLANG_WARN_BLOCK_CAPTURE_AUTORELEASING = YES;
				CLANG_WARN_BOOL_CONVERSION = YES;
				CLANG_WARN_COMMA = YES;
				CLANG_WARN_CONSTANT_CONVERSION = YES;
				CLANG_WARN_DEPRECATED_OBJC_IMPLEMENTATIONS = YES;
				CLANG_WARN_DIRECT_OBJC_ISA_USAGE = YES_ERROR;
				CLANG_WARN_DOCUMENTATION_COMMENTS = YES;
				CLANG_WARN_EMPTY_BODY = YES;
				CLANG_WARN_ENUM_CONVERSION = YES;
				CLANG_WARN_INFINITE_RECURSION = YES;
				CLANG_WARN_INT_CONVERSION = YES;
				CLANG_WARN_NON_LITERAL_NULL_CONVERSION = YES;
				CLANG_WARN_OBJC_IMPLICIT_RETAIN_SELF = YES;
				CLANG_WARN_OBJC_LITERAL_CONVERSION = YES;
				CLANG_WARN_OBJC_ROOT_CLASS = YES_ERROR;
				CLANG_WARN_RANGE_LOOP_ANALYSIS = YES;
				CLANG_WARN_STRICT_PROTOTYPES = YES;
				CLANG_WARN_SUSPICIOUS_MOVE = YES;
				CLANG_WARN_UNGUARDED_AVAILABILITY = YES_AGGRESSIVE;
				CLANG_WARN_UNREACHABLE_CODE = YES;
				CLANG_WARN__DUPLICATE_METHOD_MATCH = YES;
				COPY_PHASE_STRIP = NO;
				DEBUG_INFORMATION_FORMAT = "dwarf-with-dsym";
				ENABLE_NS_ASSERTIONS = NO;
				ENABLE_STRICT_OBJC_MSGSEND = YES;
				GCC_C_LANGUAGE_STANDARD = gnu11;
				GCC_NO_COMMON_BLOCKS = YES;
				GCC_WARN_64_TO_32_BIT_CONVERSION = YES;
				GCC_WARN_ABOUT_RETURN_TYPE = YES_ERROR;
				GCC_WARN_UNDECLARED_SELECTOR = YES;
				GCC_WARN_UNINITIALIZED_AUTOS = YES_AGGRESSIVE;
				GCC_WARN_UNUSED_FUNCTION = YES;
				GCC_WARN_UNUSED_VARIABLE = YES;
				IPHONEOS_DEPLOYMENT_TARGET = 13.5;
				MTL_ENABLE_DEBUG_INFO = NO;
				MTL_FAST_MATH = YES;
				SDKROOT = iphoneos;
				SWIFT_COMPILATION_MODE = wholemodule;
				SWIFT_OPTIMIZATION_LEVEL = "-O";
				VALIDATE_PRODUCT = YES;
			};
			name = Release;
		};
		C7706F9F248F8F0000795651 /* Debug */ = {
			isa = XCBuildConfiguration;
			buildSettings = {
				ASSETCATALOG_COMPILER_APPICON_NAME = AppIcon;
				CODE_SIGN_STYLE = Automatic;
				DEVELOPMENT_TEAM = 52ZXCPY3WQ;
				INFOPLIST_FILE = SelectCar_Code/Info.plist;
				LD_RUNPATH_SEARCH_PATHS = (
					"$(inherited)",
					"@executable_path/Frameworks",
				);
				PRODUCT_BUNDLE_IDENTIFIER = "com.kr.SelectCar-Code";
				PRODUCT_NAME = "$(TARGET_NAME)";
				SWIFT_VERSION = 5.0;
				TARGETED_DEVICE_FAMILY = "1,2";
			};
			name = Debug;
		};
		C7706FA0248F8F0000795651 /* Release */ = {
			isa = XCBuildConfiguration;
			buildSettings = {
				ASSETCATALOG_COMPILER_APPICON_NAME = AppIcon;
				CODE_SIGN_STYLE = Automatic;
				DEVELOPMENT_TEAM = 52ZXCPY3WQ;
				INFOPLIST_FILE = SelectCar_Code/Info.plist;
				LD_RUNPATH_SEARCH_PATHS = (
					"$(inherited)",
					"@executable_path/Frameworks",
				);
				PRODUCT_BUNDLE_IDENTIFIER = "com.kr.SelectCar-Code";
				PRODUCT_NAME = "$(TARGET_NAME)";
				SWIFT_VERSION = 5.0;
				TARGETED_DEVICE_FAMILY = "1,2";
			};
			name = Release;
		};
/* End XCBuildConfiguration section */

/* Begin XCConfigurationList section */
		C7706F82248F8EFF00795651 /* Build configuration list for PBXProject "SelectCar_Code" */ = {
			isa = XCConfigurationList;
			buildConfigurations = (
				C7706F9C248F8F0000795651 /* Debug */,
				C7706F9D248F8F0000795651 /* Release */,
			);
			defaultConfigurationIsVisible = 0;
			defaultConfigurationName = Release;
		};
		C7706F9E248F8F0000795651 /* Build configuration list for PBXNativeTarget "SelectCar_Code" */ = {
			isa = XCConfigurationList;
			buildConfigurations = (
				C7706F9F248F8F0000795651 /* Debug */,
				C7706FA0248F8F0000795651 /* Release */,
			);
			defaultConfigurationIsVisible = 0;
			defaultConfigurationName = Release;
		};
/* End XCConfigurationList section */

/* Begin XCVersionGroup section */
		C7706F93248F8EFF00795651 /* SelectCar_Code.xcdatamodeld */ = {
			isa = XCVersionGroup;
			children = (
				C7706F94248F8EFF00795651 /* SelectCar_Code.xcdatamodel */,
			);
			currentVersion = C7706F94248F8EFF00795651 /* SelectCar_Code.xcdatamodel */;
			path = SelectCar_Code.xcdatamodeld;
			sourceTree = "<group>";
			versionGroupType = wrapper.xcdatamodel;
		};
/* End XCVersionGroup section */
	};
	rootObject = C7706F7F248F8EFF00795651 /* Project object */;
}
