// !$*UTF8*$!
{
	archiveVersion = 1;
	classes = {
	};
	objectVersion = 51;
	objects = {

/* Begin PBXBuildFile section */
		3F297256589A58A2263DD2D2 /* Pods_GoodNews.framework in Frameworks */ = {isa = PBXBuildFile; fileRef = 33FF14073063B243799561BD /* Pods_GoodNews.framework */; };
		C7CCDE6525385BDA00770A2E /* URLRequestExtension.swift in Sources */ = {isa = PBXBuildFile; fileRef = C7CCDE6425385BDA00770A2E /* URLRequestExtension.swift */; };
		C7E1C5AE25383434001C7EBA /* AppDelegate.swift in Sources */ = {isa = PBXBuildFile; fileRef = C7E1C5AD25383434001C7EBA /* AppDelegate.swift */; };
		C7E1C5B025383434001C7EBA /* SceneDelegate.swift in Sources */ = {isa = PBXBuildFile; fileRef = C7E1C5AF25383434001C7EBA /* SceneDelegate.swift */; };
		C7E1C5B525383434001C7EBA /* Main.storyboard in Resources */ = {isa = PBXBuildFile; fileRef = C7E1C5B325383434001C7EBA /* Main.storyboard */; };
		C7E1C5B725383437001C7EBA /* Assets.xcassets in Resources */ = {isa = PBXBuildFile; fileRef = C7E1C5B625383437001C7EBA /* Assets.xcassets */; };
		C7E1C5BA25383437001C7EBA /* LaunchScreen.storyboard in Resources */ = {isa = PBXBuildFile; fileRef = C7E1C5B825383437001C7EBA /* LaunchScreen.storyboard */; };
		C7E1C5C32538349D001C7EBA /* NewsTableViewController.swift in Sources */ = {isa = PBXBuildFile; fileRef = C7E1C5C22538349D001C7EBA /* NewsTableViewController.swift */; };
		C7F0B6B92538408000586DA8 /* Article.swift in Sources */ = {isa = PBXBuildFile; fileRef = C7F0B6B82538408000586DA8 /* Article.swift */; };
		C7F0B6BE253842E400586DA8 /* ArticleTableViewCell.swift in Sources */ = {isa = PBXBuildFile; fileRef = C7F0B6BD253842E400586DA8 /* ArticleTableViewCell.swift */; };
/* End PBXBuildFile section */

/* Begin PBXFileReference section */
		33FF14073063B243799561BD /* Pods_GoodNews.framework */ = {isa = PBXFileReference; explicitFileType = wrapper.framework; includeInIndex = 0; path = Pods_GoodNews.framework; sourceTree = BUILT_PRODUCTS_DIR; };
		83E287B7B82AFEC5140F11E8 /* Pods-GoodNews.release.xcconfig */ = {isa = PBXFileReference; includeInIndex = 1; lastKnownFileType = text.xcconfig; name = "Pods-GoodNews.release.xcconfig"; path = "Target Support Files/Pods-GoodNews/Pods-GoodNews.release.xcconfig"; sourceTree = "<group>"; };
		C7CCDE6425385BDA00770A2E /* URLRequestExtension.swift */ = {isa = PBXFileReference; lastKnownFileType = sourcecode.swift; path = URLRequestExtension.swift; sourceTree = "<group>"; };
		C7E1C5AA25383434001C7EBA /* GoodNews.app */ = {isa = PBXFileReference; explicitFileType = wrapper.application; includeInIndex = 0; path = GoodNews.app; sourceTree = BUILT_PRODUCTS_DIR; };
		C7E1C5AD25383434001C7EBA /* AppDelegate.swift */ = {isa = PBXFileReference; lastKnownFileType = sourcecode.swift; path = AppDelegate.swift; sourceTree = "<group>"; };
		C7E1C5AF25383434001C7EBA /* SceneDelegate.swift */ = {isa = PBXFileReference; lastKnownFileType = sourcecode.swift; path = SceneDelegate.swift; sourceTree = "<group>"; };
		C7E1C5B425383434001C7EBA /* Base */ = {isa = PBXFileReference; lastKnownFileType = file.storyboard; name = Base; path = Base.lproj/Main.storyboard; sourceTree = "<group>"; };
		C7E1C5B625383437001C7EBA /* Assets.xcassets */ = {isa = PBXFileReference; lastKnownFileType = folder.assetcatalog; path = Assets.xcassets; sourceTree = "<group>"; };
		C7E1C5B925383437001C7EBA /* Base */ = {isa = PBXFileReference; lastKnownFileType = file.storyboard; name = Base; path = Base.lproj/LaunchScreen.storyboard; sourceTree = "<group>"; };
		C7E1C5BB25383437001C7EBA /* Info.plist */ = {isa = PBXFileReference; lastKnownFileType = text.plist.xml; path = Info.plist; sourceTree = "<group>"; };
		C7E1C5C22538349D001C7EBA /* NewsTableViewController.swift */ = {isa = PBXFileReference; lastKnownFileType = sourcecode.swift; path = NewsTableViewController.swift; sourceTree = "<group>"; };
		C7F0B6B82538408000586DA8 /* Article.swift */ = {isa = PBXFileReference; lastKnownFileType = sourcecode.swift; path = Article.swift; sourceTree = "<group>"; };
		C7F0B6BD253842E400586DA8 /* ArticleTableViewCell.swift */ = {isa = PBXFileReference; lastKnownFileType = sourcecode.swift; path = ArticleTableViewCell.swift; sourceTree = "<group>"; };
		D81E38571022B8D1F76EB0F1 /* Pods-GoodNews.debug.xcconfig */ = {isa = PBXFileReference; includeInIndex = 1; lastKnownFileType = text.xcconfig; name = "Pods-GoodNews.debug.xcconfig"; path = "Target Support Files/Pods-GoodNews/Pods-GoodNews.debug.xcconfig"; sourceTree = "<group>"; };
/* End PBXFileReference section */

/* Begin PBXFrameworksBuildPhase section */
		C7E1C5A725383434001C7EBA /* Frameworks */ = {
			isa = PBXFrameworksBuildPhase;
			buildActionMask = 2147483647;
			files = (
				3F297256589A58A2263DD2D2 /* Pods_GoodNews.framework in Frameworks */,
			);
			runOnlyForDeploymentPostprocessing = 0;
		};
/* End PBXFrameworksBuildPhase section */

/* Begin PBXGroup section */
		09640261AD102C384C1B60D2 /* Frameworks */ = {
			isa = PBXGroup;
			children = (
				33FF14073063B243799561BD /* Pods_GoodNews.framework */,
			);
			name = Frameworks;
			sourceTree = "<group>";
		};
		C7CCDE6325385BC900770A2E /* Extenstion */ = {
			isa = PBXGroup;
			children = (
				C7CCDE6425385BDA00770A2E /* URLRequestExtension.swift */,
			);
			path = Extenstion;
			sourceTree = "<group>";
		};
		C7E1C5A125383434001C7EBA = {
			isa = PBXGroup;
			children = (
				C7E1C5AC25383434001C7EBA /* GoodNews */,
				C7E1C5AB25383434001C7EBA /* Products */,
				D2E49B97C8EEE170AF7EB494 /* Pods */,
				09640261AD102C384C1B60D2 /* Frameworks */,
			);
			sourceTree = "<group>";
		};
		C7E1C5AB25383434001C7EBA /* Products */ = {
			isa = PBXGroup;
			children = (
				C7E1C5AA25383434001C7EBA /* GoodNews.app */,
			);
			name = Products;
			sourceTree = "<group>";
		};
		C7E1C5AC25383434001C7EBA /* GoodNews */ = {
			isa = PBXGroup;
			children = (
				C7CCDE6325385BC900770A2E /* Extenstion */,
				C7F0B6BC253842D700586DA8 /* Cells */,
				C7F0B6B72538407700586DA8 /* model */,
				C7E1C5C22538349D001C7EBA /* NewsTableViewController.swift */,
				C7E1C5AD25383434001C7EBA /* AppDelegate.swift */,
				C7E1C5AF25383434001C7EBA /* SceneDelegate.swift */,
				C7E1C5B325383434001C7EBA /* Main.storyboard */,
				C7E1C5B625383437001C7EBA /* Assets.xcassets */,
				C7E1C5B825383437001C7EBA /* LaunchScreen.storyboard */,
				C7E1C5BB25383437001C7EBA /* Info.plist */,
			);
			path = GoodNews;
			sourceTree = "<group>";
		};
		C7F0B6B72538407700586DA8 /* model */ = {
			isa = PBXGroup;
			children = (
				C7F0B6B82538408000586DA8 /* Article.swift */,
			);
			path = model;
			sourceTree = "<group>";
		};
		C7F0B6BC253842D700586DA8 /* Cells */ = {
			isa = PBXGroup;
			children = (
				C7F0B6BD253842E400586DA8 /* ArticleTableViewCell.swift */,
			);
			path = Cells;
			sourceTree = "<group>";
		};
		D2E49B97C8EEE170AF7EB494 /* Pods */ = {
			isa = PBXGroup;
			children = (
				D81E38571022B8D1F76EB0F1 /* Pods-GoodNews.debug.xcconfig */,
				83E287B7B82AFEC5140F11E8 /* Pods-GoodNews.release.xcconfig */,
			);
			path = Pods;
			sourceTree = "<group>";
		};
/* End PBXGroup section */

/* Begin PBXNativeTarget section */
		C7E1C5A925383434001C7EBA /* GoodNews */ = {
			isa = PBXNativeTarget;
			buildConfigurationList = C7E1C5BE25383437001C7EBA /* Build configuration list for PBXNativeTarget "GoodNews" */;
			buildPhases = (
				3D79D5C0EB6E374D52E090B3 /* [CP] Check Pods Manifest.lock */,
				C7E1C5A625383434001C7EBA /* Sources */,
				C7E1C5A725383434001C7EBA /* Frameworks */,
				C7E1C5A825383434001C7EBA /* Resources */,
				C9715CB9663A5F77FC4BBFB0 /* [CP] Embed Pods Frameworks */,
			);
			buildRules = (
			);
			dependencies = (
			);
			name = GoodNews;
			productName = GoodNews;
			productReference = C7E1C5AA25383434001C7EBA /* GoodNews.app */;
			productType = "com.apple.product-type.application";
		};
/* End PBXNativeTarget section */

/* Begin PBXProject section */
		C7E1C5A225383434001C7EBA /* Project object */ = {
			isa = PBXProject;
			attributes = {
				LastSwiftUpdateCheck = 1200;
				LastUpgradeCheck = 1200;
				TargetAttributes = {
					C7E1C5A925383434001C7EBA = {
						CreatedOnToolsVersion = 12.0.1;
					};
				};
			};
			buildConfigurationList = C7E1C5A525383434001C7EBA /* Build configuration list for PBXProject "GoodNews" */;
			compatibilityVersion = "Xcode 9.3";
			developmentRegion = en;
			hasScannedForEncodings = 0;
			knownRegions = (
				en,
				Base,
			);
			mainGroup = C7E1C5A125383434001C7EBA;
			productRefGroup = C7E1C5AB25383434001C7EBA /* Products */;
			projectDirPath = "";
			projectRoot = "";
			targets = (
				C7E1C5A925383434001C7EBA /* GoodNews */,
			);
		};
/* End PBXProject section */

/* Begin PBXResourcesBuildPhase section */
		C7E1C5A825383434001C7EBA /* Resources */ = {
			isa = PBXResourcesBuildPhase;
			buildActionMask = 2147483647;
			files = (
				C7E1C5BA25383437001C7EBA /* LaunchScreen.storyboard in Resources */,
				C7E1C5B725383437001C7EBA /* Assets.xcassets in Resources */,
				C7E1C5B525383434001C7EBA /* Main.storyboard in Resources */,
			);
			runOnlyForDeploymentPostprocessing = 0;
		};
/* End PBXResourcesBuildPhase section */

/* Begin PBXShellScriptBuildPhase section */
		3D79D5C0EB6E374D52E090B3 /* [CP] Check Pods Manifest.lock */ = {
			isa = PBXShellScriptBuildPhase;
			buildActionMask = 2147483647;
			files = (
			);
			inputFileListPaths = (
			);
			inputPaths = (
				"${PODS_PODFILE_DIR_PATH}/Podfile.lock",
				"${PODS_ROOT}/Manifest.lock",
			);
			name = "[CP] Check Pods Manifest.lock";
			outputFileListPaths = (
			);
			outputPaths = (
				"$(DERIVED_FILE_DIR)/Pods-GoodNews-checkManifestLockResult.txt",
			);
			runOnlyForDeploymentPostprocessing = 0;
			shellPath = /bin/sh;
			shellScript = "diff \"${PODS_PODFILE_DIR_PATH}/Podfile.lock\" \"${PODS_ROOT}/Manifest.lock\" > /dev/null\nif [ $? != 0 ] ; then\n    # print error to STDERR\n    echo \"error: The sandbox is not in sync with the Podfile.lock. Run 'pod install' or update your CocoaPods installation.\" >&2\n    exit 1\nfi\n# This output is used by Xcode 'outputs' to avoid re-running this script phase.\necho \"SUCCESS\" > \"${SCRIPT_OUTPUT_FILE_0}\"\n";
			showEnvVarsInLog = 0;
		};
		C9715CB9663A5F77FC4BBFB0 /* [CP] Embed Pods Frameworks */ = {
			isa = PBXShellScriptBuildPhase;
			buildActionMask = 2147483647;
			files = (
			);
			inputFileListPaths = (
				"${PODS_ROOT}/Target Support Files/Pods-GoodNews/Pods-GoodNews-frameworks-${CONFIGURATION}-input-files.xcfilelist",
			);
			name = "[CP] Embed Pods Frameworks";
			outputFileListPaths = (
				"${PODS_ROOT}/Target Support Files/Pods-GoodNews/Pods-GoodNews-frameworks-${CONFIGURATION}-output-files.xcfilelist",
			);
			runOnlyForDeploymentPostprocessing = 0;
			shellPath = /bin/sh;
			shellScript = "\"${PODS_ROOT}/Target Support Files/Pods-GoodNews/Pods-GoodNews-frameworks.sh\"\n";
			showEnvVarsInLog = 0;
		};
/* End PBXShellScriptBuildPhase section */

/* Begin PBXSourcesBuildPhase section */
		C7E1C5A625383434001C7EBA /* Sources */ = {
			isa = PBXSourcesBuildPhase;
			buildActionMask = 2147483647;
			files = (
				C7F0B6BE253842E400586DA8 /* ArticleTableViewCell.swift in Sources */,
				C7F0B6B92538408000586DA8 /* Article.swift in Sources */,
				C7E1C5C32538349D001C7EBA /* NewsTableViewController.swift in Sources */,
				C7CCDE6525385BDA00770A2E /* URLRequestExtension.swift in Sources */,
				C7E1C5AE25383434001C7EBA /* AppDelegate.swift in Sources */,
				C7E1C5B025383434001C7EBA /* SceneDelegate.swift in Sources */,
			);
			runOnlyForDeploymentPostprocessing = 0;
		};
/* End PBXSourcesBuildPhase section */

/* Begin PBXVariantGroup section */
		C7E1C5B325383434001C7EBA /* Main.storyboard */ = {
			isa = PBXVariantGroup;
			children = (
				C7E1C5B425383434001C7EBA /* Base */,
			);
			name = Main.storyboard;
			sourceTree = "<group>";
		};
		C7E1C5B825383437001C7EBA /* LaunchScreen.storyboard */ = {
			isa = PBXVariantGroup;
			children = (
				C7E1C5B925383437001C7EBA /* Base */,
			);
			name = LaunchScreen.storyboard;
			sourceTree = "<group>";
		};
/* End PBXVariantGroup section */

/* Begin XCBuildConfiguration section */
		C7E1C5BC25383437001C7EBA /* Debug */ = {
			isa = XCBuildConfiguration;
			buildSettings = {
				ALWAYS_SEARCH_USER_PATHS = NO;
				CLANG_ANALYZER_NONNULL = YES;
				CLANG_ANALYZER_NUMBER_OBJECT_CONVERSION = YES_AGGRESSIVE;
				CLANG_CXX_LANGUAGE_STANDARD = "gnu++14";
				CLANG_CXX_LIBRARY = "libc++";
				CLANG_ENABLE_MODULES = YES;
				CLANG_ENABLE_OBJC_ARC = YES;
				CLANG_ENABLE_OBJC_WEAK = YES;
				CLANG_WARN_BLOCK_CAPTURE_AUTORELEASING = YES;
				CLANG_WARN_BOOL_CONVERSION = YES;
				CLANG_WARN_COMMA = YES;
				CLANG_WARN_CONSTANT_CONVERSION = YES;
				CLANG_WARN_DEPRECATED_OBJC_IMPLEMENTATIONS = YES;
				CLANG_WARN_DIRECT_OBJC_ISA_USAGE = YES_ERROR;
				CLANG_WARN_DOCUMENTATION_COMMENTS = YES;
				CLANG_WARN_EMPTY_BODY = YES;
				CLANG_WARN_ENUM_CONVERSION = YES;
				CLANG_WARN_INFINITE_RECURSION = YES;
				CLANG_WARN_INT_CONVERSION = YES;
				CLANG_WARN_NON_LITERAL_NULL_CONVERSION = YES;
				CLANG_WARN_OBJC_IMPLICIT_RETAIN_SELF = YES;
				CLANG_WARN_OBJC_LITERAL_CONVERSION = YES;
				CLANG_WARN_OBJC_ROOT_CLASS = YES_ERROR;
				CLANG_WARN_QUOTED_INCLUDE_IN_FRAMEWORK_HEADER = YES;
				CLANG_WARN_RANGE_LOOP_ANALYSIS = YES;
				CLANG_WARN_STRICT_PROTOTYPES = YES;
				CLANG_WARN_SUSPICIOUS_MOVE = YES;
				CLANG_WARN_UNGUARDED_AVAILABILITY = YES_AGGRESSIVE;
				CLANG_WARN_UNREACHABLE_CODE = YES;
				CLANG_WARN__DUPLICATE_METHOD_MATCH = YES;
				COPY_PHASE_STRIP = NO;
				DEBUG_INFORMATION_FORMAT = dwarf;
				ENABLE_STRICT_OBJC_MSGSEND = YES;
				ENABLE_TESTABILITY = YES;
				GCC_C_LANGUAGE_STANDARD = gnu11;
				GCC_DYNAMIC_NO_PIC = NO;
				GCC_NO_COMMON_BLOCKS = YES;
				GCC_OPTIMIZATION_LEVEL = 0;
				GCC_PREPROCESSOR_DEFINITIONS = (
					"DEBUG=1",
					"$(inherited)",
				);
				GCC_WARN_64_TO_32_BIT_CONVERSION = YES;
				GCC_WARN_ABOUT_RETURN_TYPE = YES_ERROR;
				GCC_WARN_UNDECLARED_SELECTOR = YES;
				GCC_WARN_UNINITIALIZED_AUTOS = YES_AGGRESSIVE;
				GCC_WARN_UNUSED_FUNCTION = YES;
				GCC_WARN_UNUSED_VARIABLE = YES;
				IPHONEOS_DEPLOYMENT_TARGET = 14.0;
				MTL_ENABLE_DEBUG_INFO = INCLUDE_SOURCE;
				MTL_FAST_MATH = YES;
				ONLY_ACTIVE_ARCH = YES;
				SDKROOT = iphoneos;
				SWIFT_ACTIVE_COMPILATION_CONDITIONS = DEBUG;
				SWIFT_OPTIMIZATION_LEVEL = "-Onone";
			};
			name = Debug;
		};
		C7E1C5BD25383437001C7EBA /* Release */ = {
			isa = XCBuildConfiguration;
			buildSettings = {
				ALWAYS_SEARCH_USER_PATHS = NO;
				CLANG_ANALYZER_NONNULL = YES;
				CLANG_ANALYZER_NUMBER_OBJECT_CONVERSION = YES_AGGRESSIVE;
				CLANG_CXX_LANGUAGE_STANDARD = "gnu++14";
				CLANG_CXX_LIBRARY = "libc++";
				CLANG_ENABLE_MODULES = YES;
				CLANG_ENABLE_OBJC_ARC = YES;
				CLANG_ENABLE_OBJC_WEAK = YES;
				CLANG_WARN_BLOCK_CAPTURE_AUTORELEASING = YES;
				CLANG_WARN_BOOL_CONVERSION = YES;
				CLANG_WARN_COMMA = YES;
				CLANG_WARN_CONSTANT_CONVERSION = YES;
				CLANG_WARN_DEPRECATED_OBJC_IMPLEMENTATIONS = YES;
				CLANG_WARN_DIRECT_OBJC_ISA_USAGE = YES_ERROR;
				CLANG_WARN_DOCUMENTATION_COMMENTS = YES;
				CLANG_WARN_EMPTY_BODY = YES;
				CLANG_WARN_ENUM_CONVERSION = YES;
				CLANG_WARN_INFINITE_RECURSION = YES;
				CLANG_WARN_INT_CONVERSION = YES;
				CLANG_WARN_NON_LITERAL_NULL_CONVERSION = YES;
				CLANG_WARN_OBJC_IMPLICIT_RETAIN_SELF = YES;
				CLANG_WARN_OBJC_LITERAL_CONVERSION = YES;
				CLANG_WARN_OBJC_ROOT_CLASS = YES_ERROR;
				CLANG_WARN_QUOTED_INCLUDE_IN_FRAMEWORK_HEADER = YES;
				CLANG_WARN_RANGE_LOOP_ANALYSIS = YES;
				CLANG_WARN_STRICT_PROTOTYPES = YES;
				CLANG_WARN_SUSPICIOUS_MOVE = YES;
				CLANG_WARN_UNGUARDED_AVAILABILITY = YES_AGGRESSIVE;
				CLANG_WARN_UNREACHABLE_CODE = YES;
				CLANG_WARN__DUPLICATE_METHOD_MATCH = YES;
				COPY_PHASE_STRIP = NO;
				DEBUG_INFORMATION_FORMAT = "dwarf-with-dsym";
				ENABLE_NS_ASSERTIONS = NO;
				ENABLE_STRICT_OBJC_MSGSEND = YES;
				GCC_C_LANGUAGE_STANDARD = gnu11;
				GCC_NO_COMMON_BLOCKS = YES;
				GCC_WARN_64_TO_32_BIT_CONVERSION = YES;
				GCC_WARN_ABOUT_RETURN_TYPE = YES_ERROR;
				GCC_WARN_UNDECLARED_SELECTOR = YES;
				GCC_WARN_UNINITIALIZED_AUTOS = YES_AGGRESSIVE;
				GCC_WARN_UNUSED_FUNCTION = YES;
				GCC_WARN_UNUSED_VARIABLE = YES;
				IPHONEOS_DEPLOYMENT_TARGET = 14.0;
				MTL_ENABLE_DEBUG_INFO = NO;
				MTL_FAST_MATH = YES;
				SDKROOT = iphoneos;
				SWIFT_COMPILATION_MODE = wholemodule;
				SWIFT_OPTIMIZATION_LEVEL = "-O";
				VALIDATE_PRODUCT = YES;
			};
			name = Release;
		};
		C7E1C5BF25383437001C7EBA /* Debug */ = {
			isa = XCBuildConfiguration;
			baseConfigurationReference = D81E38571022B8D1F76EB0F1 /* Pods-GoodNews.debug.xcconfig */;
			buildSettings = {
				ASSETCATALOG_COMPILER_APPICON_NAME = AppIcon;
				ASSETCATALOG_COMPILER_GLOBAL_ACCENT_COLOR_NAME = AccentColor;
				CODE_SIGN_STYLE = Automatic;
				DEVELOPMENT_TEAM = 52ZXCPY3WQ;
				INFOPLIST_FILE = GoodNews/Info.plist;
				LD_RUNPATH_SEARCH_PATHS = (
					"$(inherited)",
					"@executable_path/Frameworks",
				);
				PRODUCT_BUNDLE_IDENTIFIER = com.kr.tootoomaa.GoodNews;
				PRODUCT_NAME = "$(TARGET_NAME)";
				SWIFT_VERSION = 5.0;
				TARGETED_DEVICE_FAMILY = "1,2";
			};
			name = Debug;
		};
		C7E1C5C025383437001C7EBA /* Release */ = {
			isa = XCBuildConfiguration;
			baseConfigurationReference = 83E287B7B82AFEC5140F11E8 /* Pods-GoodNews.release.xcconfig */;
			buildSettings = {
				ASSETCATALOG_COMPILER_APPICON_NAME = AppIcon;
				ASSETCATALOG_COMPILER_GLOBAL_ACCENT_COLOR_NAME = AccentColor;
				CODE_SIGN_STYLE = Automatic;
				DEVELOPMENT_TEAM = 52ZXCPY3WQ;
				INFOPLIST_FILE = GoodNews/Info.plist;
				LD_RUNPATH_SEARCH_PATHS = (
					"$(inherited)",
					"@executable_path/Frameworks",
				);
				PRODUCT_BUNDLE_IDENTIFIER = com.kr.tootoomaa.GoodNews;
				PRODUCT_NAME = "$(TARGET_NAME)";
				SWIFT_VERSION = 5.0;
				TARGETED_DEVICE_FAMILY = "1,2";
			};
			name = Release;
		};
/* End XCBuildConfiguration section */

/* Begin XCConfigurationList section */
		C7E1C5A525383434001C7EBA /* Build configuration list for PBXProject "GoodNews" */ = {
			isa = XCConfigurationList;
			buildConfigurations = (
				C7E1C5BC25383437001C7EBA /* Debug */,
				C7E1C5BD25383437001C7EBA /* Release */,
			);
			defaultConfigurationIsVisible = 0;
			defaultConfigurationName = Release;
		};
		C7E1C5BE25383437001C7EBA /* Build configuration list for PBXNativeTarget "GoodNews" */ = {
			isa = XCConfigurationList;
			buildConfigurations = (
				C7E1C5BF25383437001C7EBA /* Debug */,
				C7E1C5C025383437001C7EBA /* Release */,
			);
			defaultConfigurationIsVisible = 0;
			defaultConfigurationName = Release;
		};
/* End XCConfigurationList section */
	};
	rootObject = C7E1C5A225383434001C7EBA /* Project object */;
}
