// !$*UTF8*$!
{
	archiveVersion = 1;
	classes = {
	};
	objectVersion = 50;
	objects = {

/* Begin PBXBuildFile section */
		B6300203264B588D00A92C08 /* ViewModelType.swift in Sources */ = {isa = PBXBuildFile; fileRef = B6300202264B588D00A92C08 /* ViewModelType.swift */; };
		C708FC17264AAE6C00F22A2F /* MVVMExampleApp.swift in Sources */ = {isa = PBXBuildFile; fileRef = C708FC16264AAE6C00F22A2F /* MVVMExampleApp.swift */; };
		C708FC19264AAE6C00F22A2F /* ContentView.swift in Sources */ = {isa = PBXBuildFile; fileRef = C708FC18264AAE6C00F22A2F /* ContentView.swift */; };
		C708FC1B264AAE6E00F22A2F /* Assets.xcassets in Resources */ = {isa = PBXBuildFile; fileRef = C708FC1A264AAE6E00F22A2F /* Assets.xcassets */; };
		C708FC1E264AAE6E00F22A2F /* Preview Assets.xcassets in Resources */ = {isa = PBXBuildFile; fileRef = C708FC1D264AAE6E00F22A2F /* Preview Assets.xcassets */; };
		C7A3CC46264AB1E1004D349B /* LoginSuccessView.swift in Sources */ = {isa = PBXBuildFile; fileRef = C7A3CC45264AB1E1004D349B /* LoginSuccessView.swift */; };
		C7A3CC4A264AB9FC004D349B /* UserModel.swift in Sources */ = {isa = PBXBuildFile; fileRef = C7A3CC49264AB9FC004D349B /* UserModel.swift */; };
		C7A3CC52264ABB27004D349B /* MVCExampleTests.swift in Sources */ = {isa = PBXBuildFile; fileRef = C7A3CC51264ABB27004D349B /* MVCExampleTests.swift */; };
		C7A3CC5C264AC5B5004D349B /* LoginViewModel.swift in Sources */ = {isa = PBXBuildFile; fileRef = C7A3CC5B264AC5B5004D349B /* LoginViewModel.swift */; };
		C7A3CC60264ACE22004D349B /* LoginViewModelTests.swift in Sources */ = {isa = PBXBuildFile; fileRef = C7A3CC5F264ACE22004D349B /* LoginViewModelTests.swift */; };
/* End PBXBuildFile section */

/* Begin PBXContainerItemProxy section */
		C7A3CC54264ABB27004D349B /* PBXContainerItemProxy */ = {
			isa = PBXContainerItemProxy;
			containerPortal = C708FC0B264AAE6C00F22A2F /* Project object */;
			proxyType = 1;
			remoteGlobalIDString = C708FC12264AAE6C00F22A2F;
			remoteInfo = MVVMExample;
		};
/* End PBXContainerItemProxy section */

/* Begin PBXFileReference section */
		B6300202264B588D00A92C08 /* ViewModelType.swift */ = {isa = PBXFileReference; lastKnownFileType = sourcecode.swift; path = ViewModelType.swift; sourceTree = "<group>"; };
		C708FC13264AAE6C00F22A2F /* MVVMExample.app */ = {isa = PBXFileReference; explicitFileType = wrapper.application; includeInIndex = 0; path = MVVMExample.app; sourceTree = BUILT_PRODUCTS_DIR; };
		C708FC16264AAE6C00F22A2F /* MVVMExampleApp.swift */ = {isa = PBXFileReference; lastKnownFileType = sourcecode.swift; path = MVVMExampleApp.swift; sourceTree = "<group>"; };
		C708FC18264AAE6C00F22A2F /* ContentView.swift */ = {isa = PBXFileReference; lastKnownFileType = sourcecode.swift; path = ContentView.swift; sourceTree = "<group>"; };
		C708FC1A264AAE6E00F22A2F /* Assets.xcassets */ = {isa = PBXFileReference; lastKnownFileType = folder.assetcatalog; path = Assets.xcassets; sourceTree = "<group>"; };
		C708FC1D264AAE6E00F22A2F /* Preview Assets.xcassets */ = {isa = PBXFileReference; lastKnownFileType = folder.assetcatalog; path = "Preview Assets.xcassets"; sourceTree = "<group>"; };
		C708FC1F264AAE6E00F22A2F /* Info.plist */ = {isa = PBXFileReference; lastKnownFileType = text.plist.xml; path = Info.plist; sourceTree = "<group>"; };
		C7A3CC45264AB1E1004D349B /* LoginSuccessView.swift */ = {isa = PBXFileReference; lastKnownFileType = sourcecode.swift; path = LoginSuccessView.swift; sourceTree = "<group>"; };
		C7A3CC49264AB9FC004D349B /* UserModel.swift */ = {isa = PBXFileReference; lastKnownFileType = sourcecode.swift; path = UserModel.swift; sourceTree = "<group>"; };
		C7A3CC4F264ABB27004D349B /* MVVMExampleTests.xctest */ = {isa = PBXFileReference; explicitFileType = wrapper.cfbundle; includeInIndex = 0; path = MVVMExampleTests.xctest; sourceTree = BUILT_PRODUCTS_DIR; };
		C7A3CC51264ABB27004D349B /* MVCExampleTests.swift */ = {isa = PBXFileReference; lastKnownFileType = sourcecode.swift; path = MVCExampleTests.swift; sourceTree = "<group>"; };
		C7A3CC53264ABB27004D349B /* Info.plist */ = {isa = PBXFileReference; lastKnownFileType = text.plist.xml; path = Info.plist; sourceTree = "<group>"; };
		C7A3CC5B264AC5B5004D349B /* LoginViewModel.swift */ = {isa = PBXFileReference; lastKnownFileType = sourcecode.swift; path = LoginViewModel.swift; sourceTree = "<group>"; };
		C7A3CC5F264ACE22004D349B /* LoginViewModelTests.swift */ = {isa = PBXFileReference; lastKnownFileType = sourcecode.swift; path = LoginViewModelTests.swift; sourceTree = "<group>"; };
/* End PBXFileReference section */

/* Begin PBXFrameworksBuildPhase section */
		C708FC10264AAE6C00F22A2F /* Frameworks */ = {
			isa = PBXFrameworksBuildPhase;
			buildActionMask = 2147483647;
			files = (
			);
			runOnlyForDeploymentPostprocessing = 0;
		};
		C7A3CC4C264ABB27004D349B /* Frameworks */ = {
			isa = PBXFrameworksBuildPhase;
			buildActionMask = 2147483647;
			files = (
			);
			runOnlyForDeploymentPostprocessing = 0;
		};
/* End PBXFrameworksBuildPhase section */

/* Begin PBXGroup section */
		C708FC0A264AAE6C00F22A2F = {
			isa = PBXGroup;
			children = (
				C708FC15264AAE6C00F22A2F /* MVVMExample */,
				C7A3CC50264ABB27004D349B /* MVVMExampleTests */,
				C708FC14264AAE6C00F22A2F /* Products */,
			);
			sourceTree = "<group>";
		};
		C708FC14264AAE6C00F22A2F /* Products */ = {
			isa = PBXGroup;
			children = (
				C708FC13264AAE6C00F22A2F /* MVVMExample.app */,
				C7A3CC4F264ABB27004D349B /* MVVMExampleTests.xctest */,
			);
			name = Products;
			sourceTree = "<group>";
		};
		C708FC15264AAE6C00F22A2F /* MVVMExample */ = {
			isa = PBXGroup;
			children = (
				C7A3CC5A264AC5AC004D349B /* ViewModel */,
				C7A3CC48264AB9F0004D349B /* Model */,
				C7A3CC47264AB9EA004D349B /* View */,
				C708FC1A264AAE6E00F22A2F /* Assets.xcassets */,
				C708FC1F264AAE6E00F22A2F /* Info.plist */,
				C708FC1C264AAE6E00F22A2F /* Preview Content */,
				C7A3CC45264AB1E1004D349B /* LoginSuccessView.swift */,
			);
			path = MVVMExample;
			sourceTree = "<group>";
		};
		C708FC1C264AAE6E00F22A2F /* Preview Content */ = {
			isa = PBXGroup;
			children = (
				C708FC1D264AAE6E00F22A2F /* Preview Assets.xcassets */,
			);
			path = "Preview Content";
			sourceTree = "<group>";
		};
		C7A3CC47264AB9EA004D349B /* View */ = {
			isa = PBXGroup;
			children = (
				C708FC16264AAE6C00F22A2F /* MVVMExampleApp.swift */,
				C708FC18264AAE6C00F22A2F /* ContentView.swift */,
			);
			path = View;
			sourceTree = "<group>";
		};
		C7A3CC48264AB9F0004D349B /* Model */ = {
			isa = PBXGroup;
			children = (
				C7A3CC49264AB9FC004D349B /* UserModel.swift */,
				B6300202264B588D00A92C08 /* ViewModelType.swift */,
			);
			path = Model;
			sourceTree = "<group>";
		};
		C7A3CC50264ABB27004D349B /* MVVMExampleTests */ = {
			isa = PBXGroup;
			children = (
				C7A3CC51264ABB27004D349B /* MVCExampleTests.swift */,
				C7A3CC53264ABB27004D349B /* Info.plist */,
				C7A3CC5F264ACE22004D349B /* LoginViewModelTests.swift */,
			);
			path = MVVMExampleTests;
			sourceTree = "<group>";
		};
		C7A3CC5A264AC5AC004D349B /* ViewModel */ = {
			isa = PBXGroup;
			children = (
				C7A3CC5B264AC5B5004D349B /* LoginViewModel.swift */,
			);
			path = ViewModel;
			sourceTree = "<group>";
		};
/* End PBXGroup section */

/* Begin PBXNativeTarget section */
		C708FC12264AAE6C00F22A2F /* MVVMExample */ = {
			isa = PBXNativeTarget;
			buildConfigurationList = C708FC22264AAE6E00F22A2F /* Build configuration list for PBXNativeTarget "MVVMExample" */;
			buildPhases = (
				C708FC0F264AAE6C00F22A2F /* Sources */,
				C708FC10264AAE6C00F22A2F /* Frameworks */,
				C708FC11264AAE6C00F22A2F /* Resources */,
			);
			buildRules = (
			);
			dependencies = (
			);
			name = MVVMExample;
			productName = MVVMExample;
			productReference = C708FC13264AAE6C00F22A2F /* MVVMExample.app */;
			productType = "com.apple.product-type.application";
		};
		C7A3CC4E264ABB27004D349B /* MVVMExampleTests */ = {
			isa = PBXNativeTarget;
			buildConfigurationList = C7A3CC56264ABB27004D349B /* Build configuration list for PBXNativeTarget "MVVMExampleTests" */;
			buildPhases = (
				C7A3CC4B264ABB27004D349B /* Sources */,
				C7A3CC4C264ABB27004D349B /* Frameworks */,
				C7A3CC4D264ABB27004D349B /* Resources */,
			);
			buildRules = (
			);
			dependencies = (
				C7A3CC55264ABB27004D349B /* PBXTargetDependency */,
			);
			name = MVVMExampleTests;
			productName = MVVMExampleTests;
			productReference = C7A3CC4F264ABB27004D349B /* MVVMExampleTests.xctest */;
			productType = "com.apple.product-type.bundle.unit-test";
		};
/* End PBXNativeTarget section */

/* Begin PBXProject section */
		C708FC0B264AAE6C00F22A2F /* Project object */ = {
			isa = PBXProject;
			attributes = {
				LastSwiftUpdateCheck = 1250;
				LastUpgradeCheck = 1250;
				TargetAttributes = {
					C708FC12264AAE6C00F22A2F = {
						CreatedOnToolsVersion = 12.5;
					};
					C7A3CC4E264ABB27004D349B = {
						CreatedOnToolsVersion = 12.5;
						TestTargetID = C708FC12264AAE6C00F22A2F;
					};
				};
			};
			buildConfigurationList = C708FC0E264AAE6C00F22A2F /* Build configuration list for PBXProject "MVVMExample" */;
			compatibilityVersion = "Xcode 9.3";
			developmentRegion = en;
			hasScannedForEncodings = 0;
			knownRegions = (
				en,
				Base,
			);
			mainGroup = C708FC0A264AAE6C00F22A2F;
			productRefGroup = C708FC14264AAE6C00F22A2F /* Products */;
			projectDirPath = "";
			projectRoot = "";
			targets = (
				C708FC12264AAE6C00F22A2F /* MVVMExample */,
				C7A3CC4E264ABB27004D349B /* MVVMExampleTests */,
			);
		};
/* End PBXProject section */

/* Begin PBXResourcesBuildPhase section */
		C708FC11264AAE6C00F22A2F /* Resources */ = {
			isa = PBXResourcesBuildPhase;
			buildActionMask = 2147483647;
			files = (
				C708FC1E264AAE6E00F22A2F /* Preview Assets.xcassets in Resources */,
				C708FC1B264AAE6E00F22A2F /* Assets.xcassets in Resources */,
			);
			runOnlyForDeploymentPostprocessing = 0;
		};
		C7A3CC4D264ABB27004D349B /* Resources */ = {
			isa = PBXResourcesBuildPhase;
			buildActionMask = 2147483647;
			files = (
			);
			runOnlyForDeploymentPostprocessing = 0;
		};
/* End PBXResourcesBuildPhase section */

/* Begin PBXSourcesBuildPhase section */
		C708FC0F264AAE6C00F22A2F /* Sources */ = {
			isa = PBXSourcesBuildPhase;
			buildActionMask = 2147483647;
			files = (
				C708FC19264AAE6C00F22A2F /* ContentView.swift in Sources */,
				C708FC17264AAE6C00F22A2F /* MVVMExampleApp.swift in Sources */,
				B6300203264B588D00A92C08 /* ViewModelType.swift in Sources */,
				C7A3CC4A264AB9FC004D349B /* UserModel.swift in Sources */,
				C7A3CC5C264AC5B5004D349B /* LoginViewModel.swift in Sources */,
				C7A3CC46264AB1E1004D349B /* LoginSuccessView.swift in Sources */,
			);
			runOnlyForDeploymentPostprocessing = 0;
		};
		C7A3CC4B264ABB27004D349B /* Sources */ = {
			isa = PBXSourcesBuildPhase;
			buildActionMask = 2147483647;
			files = (
				C7A3CC60264ACE22004D349B /* LoginViewModelTests.swift in Sources */,
				C7A3CC52264ABB27004D349B /* MVCExampleTests.swift in Sources */,
			);
			runOnlyForDeploymentPostprocessing = 0;
		};
/* End PBXSourcesBuildPhase section */

/* Begin PBXTargetDependency section */
		C7A3CC55264ABB27004D349B /* PBXTargetDependency */ = {
			isa = PBXTargetDependency;
			target = C708FC12264AAE6C00F22A2F /* MVVMExample */;
			targetProxy = C7A3CC54264ABB27004D349B /* PBXContainerItemProxy */;
		};
/* End PBXTargetDependency section */

/* Begin XCBuildConfiguration section */
		C708FC20264AAE6E00F22A2F /* Debug */ = {
			isa = XCBuildConfiguration;
			buildSettings = {
				ALWAYS_SEARCH_USER_PATHS = NO;
				CLANG_ANALYZER_NONNULL = YES;
				CLANG_ANALYZER_NUMBER_OBJECT_CONVERSION = YES_AGGRESSIVE;
				CLANG_CXX_LANGUAGE_STANDARD = "gnu++14";
				CLANG_CXX_LIBRARY = "libc++";
				CLANG_ENABLE_MODULES = YES;
				CLANG_ENABLE_OBJC_ARC = YES;
				CLANG_ENABLE_OBJC_WEAK = YES;
				CLANG_WARN_BLOCK_CAPTURE_AUTORELEASING = YES;
				CLANG_WARN_BOOL_CONVERSION = YES;
				CLANG_WARN_COMMA = YES;
				CLANG_WARN_CONSTANT_CONVERSION = YES;
				CLANG_WARN_DEPRECATED_OBJC_IMPLEMENTATIONS = YES;
				CLANG_WARN_DIRECT_OBJC_ISA_USAGE = YES_ERROR;
				CLANG_WARN_DOCUMENTATION_COMMENTS = YES;
				CLANG_WARN_EMPTY_BODY = YES;
				CLANG_WARN_ENUM_CONVERSION = YES;
				CLANG_WARN_INFINITE_RECURSION = YES;
				CLANG_WARN_INT_CONVERSION = YES;
				CLANG_WARN_NON_LITERAL_NULL_CONVERSION = YES;
				CLANG_WARN_OBJC_IMPLICIT_RETAIN_SELF = YES;
				CLANG_WARN_OBJC_LITERAL_CONVERSION = YES;
				CLANG_WARN_OBJC_ROOT_CLASS = YES_ERROR;
				CLANG_WARN_QUOTED_INCLUDE_IN_FRAMEWORK_HEADER = YES;
				CLANG_WARN_RANGE_LOOP_ANALYSIS = YES;
				CLANG_WARN_STRICT_PROTOTYPES = YES;
				CLANG_WARN_SUSPICIOUS_MOVE = YES;
				CLANG_WARN_UNGUARDED_AVAILABILITY = YES_AGGRESSIVE;
				CLANG_WARN_UNREACHABLE_CODE = YES;
				CLANG_WARN__DUPLICATE_METHOD_MATCH = YES;
				COPY_PHASE_STRIP = NO;
				DEBUG_INFORMATION_FORMAT = dwarf;
				ENABLE_STRICT_OBJC_MSGSEND = YES;
				ENABLE_TESTABILITY = YES;
				GCC_C_LANGUAGE_STANDARD = gnu11;
				GCC_DYNAMIC_NO_PIC = NO;
				GCC_NO_COMMON_BLOCKS = YES;
				GCC_OPTIMIZATION_LEVEL = 0;
				GCC_PREPROCESSOR_DEFINITIONS = (
					"DEBUG=1",
					"$(inherited)",
				);
				GCC_WARN_64_TO_32_BIT_CONVERSION = YES;
				GCC_WARN_ABOUT_RETURN_TYPE = YES_ERROR;
				GCC_WARN_UNDECLARED_SELECTOR = YES;
				GCC_WARN_UNINITIALIZED_AUTOS = YES_AGGRESSIVE;
				GCC_WARN_UNUSED_FUNCTION = YES;
				GCC_WARN_UNUSED_VARIABLE = YES;
				IPHONEOS_DEPLOYMENT_TARGET = 14.5;
				MTL_ENABLE_DEBUG_INFO = INCLUDE_SOURCE;
				MTL_FAST_MATH = YES;
				ONLY_ACTIVE_ARCH = YES;
				SDKROOT = iphoneos;
				SWIFT_ACTIVE_COMPILATION_CONDITIONS = DEBUG;
				SWIFT_OPTIMIZATION_LEVEL = "-Onone";
			};
			name = Debug;
		};
		C708FC21264AAE6E00F22A2F /* Release */ = {
			isa = XCBuildConfiguration;
			buildSettings = {
				ALWAYS_SEARCH_USER_PATHS = NO;
				CLANG_ANALYZER_NONNULL = YES;
				CLANG_ANALYZER_NUMBER_OBJECT_CONVERSION = YES_AGGRESSIVE;
				CLANG_CXX_LANGUAGE_STANDARD = "gnu++14";
				CLANG_CXX_LIBRARY = "libc++";
				CLANG_ENABLE_MODULES = YES;
				CLANG_ENABLE_OBJC_ARC = YES;
				CLANG_ENABLE_OBJC_WEAK = YES;
				CLANG_WARN_BLOCK_CAPTURE_AUTORELEASING = YES;
				CLANG_WARN_BOOL_CONVERSION = YES;
				CLANG_WARN_COMMA = YES;
				CLANG_WARN_CONSTANT_CONVERSION = YES;
				CLANG_WARN_DEPRECATED_OBJC_IMPLEMENTATIONS = YES;
				CLANG_WARN_DIRECT_OBJC_ISA_USAGE = YES_ERROR;
				CLANG_WARN_DOCUMENTATION_COMMENTS = YES;
				CLANG_WARN_EMPTY_BODY = YES;
				CLANG_WARN_ENUM_CONVERSION = YES;
				CLANG_WARN_INFINITE_RECURSION = YES;
				CLANG_WARN_INT_CONVERSION = YES;
				CLANG_WARN_NON_LITERAL_NULL_CONVERSION = YES;
				CLANG_WARN_OBJC_IMPLICIT_RETAIN_SELF = YES;
				CLANG_WARN_OBJC_LITERAL_CONVERSION = YES;
				CLANG_WARN_OBJC_ROOT_CLASS = YES_ERROR;
				CLANG_WARN_QUOTED_INCLUDE_IN_FRAMEWORK_HEADER = YES;
				CLANG_WARN_RANGE_LOOP_ANALYSIS = YES;
				CLANG_WARN_STRICT_PROTOTYPES = YES;
				CLANG_WARN_SUSPICIOUS_MOVE = YES;
				CLANG_WARN_UNGUARDED_AVAILABILITY = YES_AGGRESSIVE;
				CLANG_WARN_UNREACHABLE_CODE = YES;
				CLANG_WARN__DUPLICATE_METHOD_MATCH = YES;
				COPY_PHASE_STRIP = NO;
				DEBUG_INFORMATION_FORMAT = "dwarf-with-dsym";
				ENABLE_NS_ASSERTIONS = NO;
				ENABLE_STRICT_OBJC_MSGSEND = YES;
				GCC_C_LANGUAGE_STANDARD = gnu11;
				GCC_NO_COMMON_BLOCKS = YES;
				GCC_WARN_64_TO_32_BIT_CONVERSION = YES;
				GCC_WARN_ABOUT_RETURN_TYPE = YES_ERROR;
				GCC_WARN_UNDECLARED_SELECTOR = YES;
				GCC_WARN_UNINITIALIZED_AUTOS = YES_AGGRESSIVE;
				GCC_WARN_UNUSED_FUNCTION = YES;
				GCC_WARN_UNUSED_VARIABLE = YES;
				IPHONEOS_DEPLOYMENT_TARGET = 14.5;
				MTL_ENABLE_DEBUG_INFO = NO;
				MTL_FAST_MATH = YES;
				SDKROOT = iphoneos;
				SWIFT_COMPILATION_MODE = wholemodule;
				SWIFT_OPTIMIZATION_LEVEL = "-O";
				VALIDATE_PRODUCT = YES;
			};
			name = Release;
		};
		C708FC23264AAE6E00F22A2F /* Debug */ = {
			isa = XCBuildConfiguration;
			buildSettings = {
				ASSETCATALOG_COMPILER_APPICON_NAME = AppIcon;
				ASSETCATALOG_COMPILER_GLOBAL_ACCENT_COLOR_NAME = AccentColor;
				CODE_SIGN_STYLE = Automatic;
				DEVELOPMENT_ASSET_PATHS = "\"MVVMExample/Preview Content\"";
				DEVELOPMENT_TEAM = 52ZXCPY3WQ;
				ENABLE_PREVIEWS = YES;
				INFOPLIST_FILE = MVVMExample/Info.plist;
				IPHONEOS_DEPLOYMENT_TARGET = 14.0;
				LD_RUNPATH_SEARCH_PATHS = (
					"$(inherited)",
					"@executable_path/Frameworks",
				);
				PRODUCT_BUNDLE_IDENTIFIER = com.kr.tootoomaa.MVVMExample;
				PRODUCT_NAME = "$(TARGET_NAME)";
				SWIFT_VERSION = 5.0;
				TARGETED_DEVICE_FAMILY = "1,2";
			};
			name = Debug;
		};
		C708FC24264AAE6E00F22A2F /* Release */ = {
			isa = XCBuildConfiguration;
			buildSettings = {
				ASSETCATALOG_COMPILER_APPICON_NAME = AppIcon;
				ASSETCATALOG_COMPILER_GLOBAL_ACCENT_COLOR_NAME = AccentColor;
				CODE_SIGN_STYLE = Automatic;
				DEVELOPMENT_ASSET_PATHS = "\"MVVMExample/Preview Content\"";
				DEVELOPMENT_TEAM = 52ZXCPY3WQ;
				ENABLE_PREVIEWS = YES;
				INFOPLIST_FILE = MVVMExample/Info.plist;
				IPHONEOS_DEPLOYMENT_TARGET = 14.0;
				LD_RUNPATH_SEARCH_PATHS = (
					"$(inherited)",
					"@executable_path/Frameworks",
				);
				PRODUCT_BUNDLE_IDENTIFIER = com.kr.tootoomaa.MVVMExample;
				PRODUCT_NAME = "$(TARGET_NAME)";
				SWIFT_VERSION = 5.0;
				TARGETED_DEVICE_FAMILY = "1,2";
			};
			name = Release;
		};
		C7A3CC57264ABB27004D349B /* Debug */ = {
			isa = XCBuildConfiguration;
			buildSettings = {
				BUNDLE_LOADER = "$(TEST_HOST)";
				CODE_SIGN_STYLE = Automatic;
				DEVELOPMENT_TEAM = 52ZXCPY3WQ;
				INFOPLIST_FILE = MVVMExampleTests/Info.plist;
				LD_RUNPATH_SEARCH_PATHS = (
					"$(inherited)",
					"@executable_path/Frameworks",
					"@loader_path/Frameworks",
				);
				PRODUCT_BUNDLE_IDENTIFIER = com.kr.tootoomaa.MVVMExampleTests;
				PRODUCT_NAME = "$(TARGET_NAME)";
				SWIFT_VERSION = 5.0;
				TARGETED_DEVICE_FAMILY = "1,2";
				TEST_HOST = "$(BUILT_PRODUCTS_DIR)/MVVMExample.app/MVVMExample";
			};
			name = Debug;
		};
		C7A3CC58264ABB27004D349B /* Release */ = {
			isa = XCBuildConfiguration;
			buildSettings = {
				BUNDLE_LOADER = "$(TEST_HOST)";
				CODE_SIGN_STYLE = Automatic;
				DEVELOPMENT_TEAM = 52ZXCPY3WQ;
				INFOPLIST_FILE = MVVMExampleTests/Info.plist;
				LD_RUNPATH_SEARCH_PATHS = (
					"$(inherited)",
					"@executable_path/Frameworks",
					"@loader_path/Frameworks",
				);
				PRODUCT_BUNDLE_IDENTIFIER = com.kr.tootoomaa.MVVMExampleTests;
				PRODUCT_NAME = "$(TARGET_NAME)";
				SWIFT_VERSION = 5.0;
				TARGETED_DEVICE_FAMILY = "1,2";
				TEST_HOST = "$(BUILT_PRODUCTS_DIR)/MVVMExample.app/MVVMExample";
			};
			name = Release;
		};
/* End XCBuildConfiguration section */

/* Begin XCConfigurationList section */
		C708FC0E264AAE6C00F22A2F /* Build configuration list for PBXProject "MVVMExample" */ = {
			isa = XCConfigurationList;
			buildConfigurations = (
				C708FC20264AAE6E00F22A2F /* Debug */,
				C708FC21264AAE6E00F22A2F /* Release */,
			);
			defaultConfigurationIsVisible = 0;
			defaultConfigurationName = Release;
		};
		C708FC22264AAE6E00F22A2F /* Build configuration list for PBXNativeTarget "MVVMExample" */ = {
			isa = XCConfigurationList;
			buildConfigurations = (
				C708FC23264AAE6E00F22A2F /* Debug */,
				C708FC24264AAE6E00F22A2F /* Release */,
			);
			defaultConfigurationIsVisible = 0;
			defaultConfigurationName = Release;
		};
		C7A3CC56264ABB27004D349B /* Build configuration list for PBXNativeTarget "MVVMExampleTests" */ = {
			isa = XCConfigurationList;
			buildConfigurations = (
				C7A3CC57264ABB27004D349B /* Debug */,
				C7A3CC58264ABB27004D349B /* Release */,
			);
			defaultConfigurationIsVisible = 0;
			defaultConfigurationName = Release;
		};
/* End XCConfigurationList section */
	};
	rootObject = C708FC0B264AAE6C00F22A2F /* Project object */;
}
